
Microsoft Visual Studio Solution File, Format Version 12.00
# Visual Studio 15
VisualStudioVersion = 15.0.27428.2037
MinimumVisualStudioVersion = 10.0.40219.1
Project("{888888A0-9F3D-457C-B088-3A5042F75D52}") = "Sephrasto", "Sephrasto.pyproj", "{73780CDE-0792-42BE-BD33-18CB00D02765}"
EndProject
Global
	GlobalSection(SolutionConfigurationPlatforms) = preSolution
		Debug|Any CPU = Debug|Any CPU
		Release|Any CPU = Release|Any CPU
	EndGlobalSection
	GlobalSection(ProjectConfigurationPlatforms) = postSolution
		{73780CDE-0792-42BE-BD33-18CB00D02765}.Debug|Any CPU.ActiveCfg = Debug|Any CPU
		{73780CDE-0792-42BE-BD33-18CB00D02765}.Release|Any CPU.ActiveCfg = Release|Any CPU
	EndGlobalSection
	GlobalSection(SolutionProperties) = preSolution
		HideSolutionNode = FALSE
	EndGlobalSection
	GlobalSection(ExtensibilityGlobals) = postSolution
		SolutionGuid = {3A21301C-6197-4E77-980E-F9AEE79BF2F9}
	EndGlobalSection
EndGlobal
